
Microsoft Visual Studio Solution File, Format Version 12.00
# Visual Studio Version 17
VisualStudioVersion = 17.7.34221.43
MinimumVisualStudioVersion = 10.0.40219.1
Project("{2150E333-8FDC-42A3-9474-1A3956D46DE8}") = "root", "root", "{DDF2B39C-05B7-4188-99C9-93911FE63DD6}"
	ProjectSection(SolutionItems) = preProject
		LICENSE = LICENSE
		License.3rd Parties.md = License.3rd Parties.md
		README.md = README.md
	EndProjectSection
EndProject
Project("{9A19103F-16F7-4668-BE54-9A1E7A4F7556}") = "Cactus.App", "src\Cactus.App\Cactus.App.csproj", "{0FADE170-E0EE-469F-A951-CDD261CD5549}"
EndProject
Project("{2150E333-8FDC-42A3-9474-1A3956D46DE8}") = "src", "src", "{59476B3B-E737-4F49-8164-04448E7389AA}"
EndProject
Project("{9A19103F-16F7-4668-BE54-9A1E7A4F7556}") = "Cactus.Cucumber", "src\Cactus.Cucumber\Cactus.Cucumber.csproj", "{1820AA45-D2FC-45D2-9D75-4EAF1B91A5DA}"
EndProject
Project("{2150E333-8FDC-42A3-9474-1A3956D46DE8}") = "test", "test", "{DCC4FB89-2649-4D1D-9067-6A0964BBEE6A}"
EndProject
Project("{9A19103F-16F7-4668-BE54-9A1E7A4F7556}") = "Cactus.Reqnroll", "src\Cactus.Reqnroll\Cactus.Reqnroll.csproj", "{77CC94C6-9490-47E6-BEE3-72C4DF3A00F7}"
EndProject
Project("{9A19103F-16F7-4668-BE54-9A1E7A4F7556}") = "Cactus.MiniExcelNUnitTest", "test\Cactus.MiniExcelNUnitTest\Cactus.MiniExcelNUnitTest.csproj", "{E3BA0881-BAFE-426E-B4FF-3B300174883B}"
EndProject
Project("{9A19103F-16F7-4668-BE54-9A1E7A4F7556}") = "Facts.DiffPlex", "test\Facts.DiffPlex\Facts.DiffPlex.csproj", "{C9246C12-4348-4BB7-B8B7-F6AE0B2CD15F}"
EndProject
Project("{9A19103F-16F7-4668-BE54-9A1E7A4F7556}") = "Cactus.CucumberTest", "test\Cactus.CucumberTest\Cactus.CucumberTest.csproj", "{F7ED8699-E0BF-4ABE-9B81-DF91D661AA4B}"
EndProject
Project("{9A19103F-16F7-4668-BE54-9A1E7A4F7556}") = "Cactus.ExcelConverter", "src\Cactus.ExcelConverter\Cactus.ExcelConverter.csproj", "{5B976B30-A6D0-4A03-B139-9EEAAB54D29F}"
EndProject
Project("{9A19103F-16F7-4668-BE54-9A1E7A4F7556}") = "Cactus.ExcelConverter.MiniExcelConverter", "src\Cactus.ExcelConverter.MiniExcelConverter\Cactus.ExcelConverter.MiniExcelConverter.csproj", "{D0463C35-74AB-4958-ABB2-697103F91404}"
EndProject
Project("{9A19103F-16F7-4668-BE54-9A1E7A4F7556}") = "Cactus.MiniExcelConverterTest", "test\Cactus.MiniExcelConverterTest\Cactus.MiniExcelConverterTest.csproj", "{45410137-9F3A-4D52-B7C1-A3D2DD78987A}"
EndProject
Project("{9A19103F-16F7-4668-BE54-9A1E7A4F7556}") = "DiffPlex", "test\DiffPlex\DiffPlex.csproj", "{AC895C9F-41F7-42CD-B734-43C72D947CFB}"
EndProject
Project("{FAE04EC0-301F-11D3-BF4B-00C04F79EFBC}") = "Cactus.ReqnrollConverterTest", "test\Cactus.ReqnrollConveterTest\Cactus.ReqnrollConverterTest.csproj", "{2C5B9CDC-8F5A-43A7-99CF-0E6643C067EC}"
EndProject
Project("{FAE04EC0-301F-11D3-BF4B-00C04F79EFBC}") = "Cactus.ReqnrollVerificationTest", "test\Cactus.ReqnrollVerificationTest\Cactus.ReqnrollVerificationTest.csproj", "{88A85963-7130-434B-A8F1-F4595507484A}"
EndProject
Global
	GlobalSection(SolutionConfigurationPlatforms) = preSolution
		Debug|Any CPU = Debug|Any CPU
		Release|Any CPU = Release|Any CPU
	EndGlobalSection
	GlobalSection(ProjectConfigurationPlatforms) = postSolution
		{0FADE170-E0EE-469F-A951-CDD261CD5549}.Debug|Any CPU.ActiveCfg = Debug|Any CPU
		{0FADE170-E0EE-469F-A951-CDD261CD5549}.Debug|Any CPU.Build.0 = Debug|Any CPU
		{0FADE170-E0EE-469F-A951-CDD261CD5549}.Release|Any CPU.ActiveCfg = Release|Any CPU
		{0FADE170-E0EE-469F-A951-CDD261CD5549}.Release|Any CPU.Build.0 = Release|Any CPU
		{1820AA45-D2FC-45D2-9D75-4EAF1B91A5DA}.Debug|Any CPU.ActiveCfg = Debug|Any CPU
		{1820AA45-D2FC-45D2-9D75-4EAF1B91A5DA}.Debug|Any CPU.Build.0 = Debug|Any CPU
		{1820AA45-D2FC-45D2-9D75-4EAF1B91A5DA}.Release|Any CPU.ActiveCfg = Release|Any CPU
		{1820AA45-D2FC-45D2-9D75-4EAF1B91A5DA}.Release|Any CPU.Build.0 = Release|Any CPU
		{77CC94C6-9490-47E6-BEE3-72C4DF3A00F7}.Debug|Any CPU.ActiveCfg = Debug|Any CPU
		{77CC94C6-9490-47E6-BEE3-72C4DF3A00F7}.Debug|Any CPU.Build.0 = Debug|Any CPU
		{77CC94C6-9490-47E6-BEE3-72C4DF3A00F7}.Release|Any CPU.ActiveCfg = Release|Any CPU
		{77CC94C6-9490-47E6-BEE3-72C4DF3A00F7}.Release|Any CPU.Build.0 = Release|Any CPU
		{E3BA0881-BAFE-426E-B4FF-3B300174883B}.Debug|Any CPU.ActiveCfg = Debug|Any CPU
		{E3BA0881-BAFE-426E-B4FF-3B300174883B}.Debug|Any CPU.Build.0 = Debug|Any CPU
		{E3BA0881-BAFE-426E-B4FF-3B300174883B}.Release|Any CPU.ActiveCfg = Release|Any CPU
		{E3BA0881-BAFE-426E-B4FF-3B300174883B}.Release|Any CPU.Build.0 = Release|Any CPU
		{C9246C12-4348-4BB7-B8B7-F6AE0B2CD15F}.Debug|Any CPU.ActiveCfg = Debug|Any CPU
		{C9246C12-4348-4BB7-B8B7-F6AE0B2CD15F}.Debug|Any CPU.Build.0 = Debug|Any CPU
		{C9246C12-4348-4BB7-B8B7-F6AE0B2CD15F}.Release|Any CPU.ActiveCfg = Release|Any CPU
		{C9246C12-4348-4BB7-B8B7-F6AE0B2CD15F}.Release|Any CPU.Build.0 = Release|Any CPU
		{F7ED8699-E0BF-4ABE-9B81-DF91D661AA4B}.Debug|Any CPU.ActiveCfg = Debug|Any CPU
		{F7ED8699-E0BF-4ABE-9B81-DF91D661AA4B}.Debug|Any CPU.Build.0 = Debug|Any CPU
		{F7ED8699-E0BF-4ABE-9B81-DF91D661AA4B}.Release|Any CPU.ActiveCfg = Release|Any CPU
		{F7ED8699-E0BF-4ABE-9B81-DF91D661AA4B}.Release|Any CPU.Build.0 = Release|Any CPU
		{5B976B30-A6D0-4A03-B139-9EEAAB54D29F}.Debug|Any CPU.ActiveCfg = Debug|Any CPU
		{5B976B30-A6D0-4A03-B139-9EEAAB54D29F}.Debug|Any CPU.Build.0 = Debug|Any CPU
		{5B976B30-A6D0-4A03-B139-9EEAAB54D29F}.Release|Any CPU.ActiveCfg = Release|Any CPU
		{5B976B30-A6D0-4A03-B139-9EEAAB54D29F}.Release|Any CPU.Build.0 = Release|Any CPU
		{D0463C35-74AB-4958-ABB2-697103F91404}.Debug|Any CPU.ActiveCfg = Debug|Any CPU
		{D0463C35-74AB-4958-ABB2-697103F91404}.Debug|Any CPU.Build.0 = Debug|Any CPU
		{D0463C35-74AB-4958-ABB2-697103F91404}.Release|Any CPU.ActiveCfg = Release|Any CPU
		{D0463C35-74AB-4958-ABB2-697103F91404}.Release|Any CPU.Build.0 = Release|Any CPU
		{45410137-9F3A-4D52-B7C1-A3D2DD78987A}.Debug|Any CPU.ActiveCfg = Debug|Any CPU
		{45410137-9F3A-4D52-B7C1-A3D2DD78987A}.Debug|Any CPU.Build.0 = Debug|Any CPU
		{45410137-9F3A-4D52-B7C1-A3D2DD78987A}.Release|Any CPU.ActiveCfg = Release|Any CPU
		{45410137-9F3A-4D52-B7C1-A3D2DD78987A}.Release|Any CPU.Build.0 = Release|Any CPU
		{AC895C9F-41F7-42CD-B734-43C72D947CFB}.Debug|Any CPU.ActiveCfg = Debug|Any CPU
		{AC895C9F-41F7-42CD-B734-43C72D947CFB}.Debug|Any CPU.Build.0 = Debug|Any CPU
		{AC895C9F-41F7-42CD-B734-43C72D947CFB}.Release|Any CPU.ActiveCfg = Release|Any CPU
		{AC895C9F-41F7-42CD-B734-43C72D947CFB}.Release|Any CPU.Build.0 = Release|Any CPU
		{2C5B9CDC-8F5A-43A7-99CF-0E6643C067EC}.Debug|Any CPU.ActiveCfg = Debug|Any CPU
		{2C5B9CDC-8F5A-43A7-99CF-0E6643C067EC}.Debug|Any CPU.Build.0 = Debug|Any CPU
		{2C5B9CDC-8F5A-43A7-99CF-0E6643C067EC}.Release|Any CPU.ActiveCfg = Release|Any CPU
		{2C5B9CDC-8F5A-43A7-99CF-0E6643C067EC}.Release|Any CPU.Build.0 = Release|Any CPU
		{88A85963-7130-434B-A8F1-F4595507484A}.Debug|Any CPU.ActiveCfg = Debug|Any CPU
		{88A85963-7130-434B-A8F1-F4595507484A}.Debug|Any CPU.Build.0 = Debug|Any CPU
		{88A85963-7130-434B-A8F1-F4595507484A}.Release|Any CPU.ActiveCfg = Release|Any CPU
		{88A85963-7130-434B-A8F1-F4595507484A}.Release|Any CPU.Build.0 = Release|Any CPU
	EndGlobalSection
	GlobalSection(SolutionProperties) = preSolution
		HideSolutionNode = FALSE
	EndGlobalSection
	GlobalSection(NestedProjects) = preSolution
		{0FADE170-E0EE-469F-A951-CDD261CD5549} = {59476B3B-E737-4F49-8164-04448E7389AA}
		{1820AA45-D2FC-45D2-9D75-4EAF1B91A5DA} = {59476B3B-E737-4F49-8164-04448E7389AA}
		{77CC94C6-9490-47E6-BEE3-72C4DF3A00F7} = {59476B3B-E737-4F49-8164-04448E7389AA}
		{E3BA0881-BAFE-426E-B4FF-3B300174883B} = {DCC4FB89-2649-4D1D-9067-6A0964BBEE6A}
		{C9246C12-4348-4BB7-B8B7-F6AE0B2CD15F} = {DCC4FB89-2649-4D1D-9067-6A0964BBEE6A}
		{F7ED8699-E0BF-4ABE-9B81-DF91D661AA4B} = {DCC4FB89-2649-4D1D-9067-6A0964BBEE6A}
		{5B976B30-A6D0-4A03-B139-9EEAAB54D29F} = {59476B3B-E737-4F49-8164-04448E7389AA}
		{D0463C35-74AB-4958-ABB2-697103F91404} = {59476B3B-E737-4F49-8164-04448E7389AA}
		{45410137-9F3A-4D52-B7C1-A3D2DD78987A} = {DCC4FB89-2649-4D1D-9067-6A0964BBEE6A}
		{AC895C9F-41F7-42CD-B734-43C72D947CFB} = {DCC4FB89-2649-4D1D-9067-6A0964BBEE6A}
		{2C5B9CDC-8F5A-43A7-99CF-0E6643C067EC} = {DCC4FB89-2649-4D1D-9067-6A0964BBEE6A}
		{88A85963-7130-434B-A8F1-F4595507484A} = {DCC4FB89-2649-4D1D-9067-6A0964BBEE6A}
	EndGlobalSection
	GlobalSection(ExtensibilityGlobals) = postSolution
		SolutionGuid = {6A757270-A1E5-443E-AAE5-4ECBE36C473A}
	EndGlobalSection
EndGlobal
