
Microsoft Visual Studio Solution File, Format Version 12.00
# Visual Studio Version 17
VisualStudioVersion = 17.7.34221.43
MinimumVisualStudioVersion = 10.0.40219.1
Project("{2150E333-8FDC-42A3-9474-1A3956D46DE8}") = "root", "root", "{DDF2B39C-05B7-4188-99C9-93911FE63DD6}"
	ProjectSection(SolutionItems) = preProject
		LICENSE = LICENSE
		README.md = README.md
	EndProjectSection
EndProject
Project("{9A19103F-16F7-4668-BE54-9A1E7A4F7556}") = "Cactus.App", "src\Cactus.App\Cactus.App.csproj", "{0FADE170-E0EE-469F-A951-CDD261CD5549}"
EndProject
Project("{2150E333-8FDC-42A3-9474-1A3956D46DE8}") = "src", "src", "{59476B3B-E737-4F49-8164-04448E7389AA}"
EndProject
Project("{9A19103F-16F7-4668-BE54-9A1E7A4F7556}") = "Cactus.Excel", "src\Cactus.Excel\Cactus.Excel.csproj", "{A6BC13B9-3790-4CA9-88FF-27A2F4BF4152}"
EndProject
Project("{9A19103F-16F7-4668-BE54-9A1E7A4F7556}") = "Cactus.Excel.MiniExcel", "src\Cactus.Excel.MiniExcel\Cactus.Excel.MiniExcel.csproj", "{76F9408C-4BF7-4DCF-97BB-6A52849CF6BA}"
EndProject
Project("{9A19103F-16F7-4668-BE54-9A1E7A4F7556}") = "Cactus.Cucumber", "src\Cactus.Cucumber\Cactus.Cucumber.csproj", "{1820AA45-D2FC-45D2-9D75-4EAF1B91A5DA}"
EndProject
Project("{2150E333-8FDC-42A3-9474-1A3956D46DE8}") = "test", "test", "{DCC4FB89-2649-4D1D-9067-6A0964BBEE6A}"
EndProject
Project("{9A19103F-16F7-4668-BE54-9A1E7A4F7556}") = "Cactus.Reqnroll", "src\Cactus.Reqnroll\Cactus.Reqnroll.csproj", "{77CC94C6-9490-47E6-BEE3-72C4DF3A00F7}"
EndProject
Project("{9A19103F-16F7-4668-BE54-9A1E7A4F7556}") = "Cactus.ReqnrollSampleTest", "test\Cactus.ReqnrollSampleTest\Cactus.ReqnrollSampleTest.csproj", "{41A6E996-8DE0-45FF-BEC2-134167337AB7}"
EndProject
Project("{9A19103F-16F7-4668-BE54-9A1E7A4F7556}") = "Cactus.MiniExcelNUnitTest", "test\Cactus.MiniExcelNUnitTest\Cactus.MiniExcelNUnitTest.csproj", "{E3BA0881-BAFE-426E-B4FF-3B300174883B}"
EndProject
Project("{9A19103F-16F7-4668-BE54-9A1E7A4F7556}") = "DiffPlex", "src\DiffPlex\DiffPlex.csproj", "{B57777C8-CDE9-4315-9448-02C8FB4D82D8}"
EndProject
Project("{9A19103F-16F7-4668-BE54-9A1E7A4F7556}") = "Facts.DiffPlex", "test\Facts.DiffPlex\Facts.DiffPlex.csproj", "{C9246C12-4348-4BB7-B8B7-F6AE0B2CD15F}"
EndProject
Project("{9A19103F-16F7-4668-BE54-9A1E7A4F7556}") = "Cactus.CucumberTest", "test\Cactus.CucumberTest\Cactus.CucumberTest.csproj", "{F7ED8699-E0BF-4ABE-9B81-DF91D661AA4B}"
EndProject
Project("{FAE04EC0-301F-11D3-BF4B-00C04F79EFBC}") = "Cactus.ReqnrollTest", "test\Cactus.ReqnrollTest\Cactus.ReqnrollTest.csproj", "{3981ABD9-6C0C-4652-BF8E-8EFCF4FAD966}"
EndProject
Global
	GlobalSection(SolutionConfigurationPlatforms) = preSolution
		Debug|Any CPU = Debug|Any CPU
		Release|Any CPU = Release|Any CPU
	EndGlobalSection
	GlobalSection(ProjectConfigurationPlatforms) = postSolution
		{0FADE170-E0EE-469F-A951-CDD261CD5549}.Debug|Any CPU.ActiveCfg = Debug|Any CPU
		{0FADE170-E0EE-469F-A951-CDD261CD5549}.Debug|Any CPU.Build.0 = Debug|Any CPU
		{0FADE170-E0EE-469F-A951-CDD261CD5549}.Release|Any CPU.ActiveCfg = Release|Any CPU
		{0FADE170-E0EE-469F-A951-CDD261CD5549}.Release|Any CPU.Build.0 = Release|Any CPU
		{A6BC13B9-3790-4CA9-88FF-27A2F4BF4152}.Debug|Any CPU.ActiveCfg = Debug|Any CPU
		{A6BC13B9-3790-4CA9-88FF-27A2F4BF4152}.Debug|Any CPU.Build.0 = Debug|Any CPU
		{A6BC13B9-3790-4CA9-88FF-27A2F4BF4152}.Release|Any CPU.ActiveCfg = Release|Any CPU
		{A6BC13B9-3790-4CA9-88FF-27A2F4BF4152}.Release|Any CPU.Build.0 = Release|Any CPU
		{76F9408C-4BF7-4DCF-97BB-6A52849CF6BA}.Debug|Any CPU.ActiveCfg = Debug|Any CPU
		{76F9408C-4BF7-4DCF-97BB-6A52849CF6BA}.Debug|Any CPU.Build.0 = Debug|Any CPU
		{76F9408C-4BF7-4DCF-97BB-6A52849CF6BA}.Release|Any CPU.ActiveCfg = Release|Any CPU
		{76F9408C-4BF7-4DCF-97BB-6A52849CF6BA}.Release|Any CPU.Build.0 = Release|Any CPU
		{1820AA45-D2FC-45D2-9D75-4EAF1B91A5DA}.Debug|Any CPU.ActiveCfg = Debug|Any CPU
		{1820AA45-D2FC-45D2-9D75-4EAF1B91A5DA}.Debug|Any CPU.Build.0 = Debug|Any CPU
		{1820AA45-D2FC-45D2-9D75-4EAF1B91A5DA}.Release|Any CPU.ActiveCfg = Release|Any CPU
		{1820AA45-D2FC-45D2-9D75-4EAF1B91A5DA}.Release|Any CPU.Build.0 = Release|Any CPU
		{77CC94C6-9490-47E6-BEE3-72C4DF3A00F7}.Debug|Any CPU.ActiveCfg = Debug|Any CPU
		{77CC94C6-9490-47E6-BEE3-72C4DF3A00F7}.Debug|Any CPU.Build.0 = Debug|Any CPU
		{77CC94C6-9490-47E6-BEE3-72C4DF3A00F7}.Release|Any CPU.ActiveCfg = Release|Any CPU
		{77CC94C6-9490-47E6-BEE3-72C4DF3A00F7}.Release|Any CPU.Build.0 = Release|Any CPU
		{41A6E996-8DE0-45FF-BEC2-134167337AB7}.Debug|Any CPU.ActiveCfg = Debug|Any CPU
		{41A6E996-8DE0-45FF-BEC2-134167337AB7}.Debug|Any CPU.Build.0 = Debug|Any CPU
		{41A6E996-8DE0-45FF-BEC2-134167337AB7}.Release|Any CPU.ActiveCfg = Release|Any CPU
		{41A6E996-8DE0-45FF-BEC2-134167337AB7}.Release|Any CPU.Build.0 = Release|Any CPU
		{E3BA0881-BAFE-426E-B4FF-3B300174883B}.Debug|Any CPU.ActiveCfg = Debug|Any CPU
		{E3BA0881-BAFE-426E-B4FF-3B300174883B}.Debug|Any CPU.Build.0 = Debug|Any CPU
		{E3BA0881-BAFE-426E-B4FF-3B300174883B}.Release|Any CPU.ActiveCfg = Release|Any CPU
		{E3BA0881-BAFE-426E-B4FF-3B300174883B}.Release|Any CPU.Build.0 = Release|Any CPU
		{B57777C8-CDE9-4315-9448-02C8FB4D82D8}.Debug|Any CPU.ActiveCfg = Debug|Any CPU
		{B57777C8-CDE9-4315-9448-02C8FB4D82D8}.Debug|Any CPU.Build.0 = Debug|Any CPU
		{B57777C8-CDE9-4315-9448-02C8FB4D82D8}.Release|Any CPU.ActiveCfg = Release|Any CPU
		{B57777C8-CDE9-4315-9448-02C8FB4D82D8}.Release|Any CPU.Build.0 = Release|Any CPU
		{C9246C12-4348-4BB7-B8B7-F6AE0B2CD15F}.Debug|Any CPU.ActiveCfg = Debug|Any CPU
		{C9246C12-4348-4BB7-B8B7-F6AE0B2CD15F}.Debug|Any CPU.Build.0 = Debug|Any CPU
		{C9246C12-4348-4BB7-B8B7-F6AE0B2CD15F}.Release|Any CPU.ActiveCfg = Release|Any CPU
		{C9246C12-4348-4BB7-B8B7-F6AE0B2CD15F}.Release|Any CPU.Build.0 = Release|Any CPU
		{F7ED8699-E0BF-4ABE-9B81-DF91D661AA4B}.Debug|Any CPU.ActiveCfg = Debug|Any CPU
		{F7ED8699-E0BF-4ABE-9B81-DF91D661AA4B}.Debug|Any CPU.Build.0 = Debug|Any CPU
		{F7ED8699-E0BF-4ABE-9B81-DF91D661AA4B}.Release|Any CPU.ActiveCfg = Release|Any CPU
		{F7ED8699-E0BF-4ABE-9B81-DF91D661AA4B}.Release|Any CPU.Build.0 = Release|Any CPU
		{3981ABD9-6C0C-4652-BF8E-8EFCF4FAD966}.Debug|Any CPU.ActiveCfg = Debug|Any CPU
		{3981ABD9-6C0C-4652-BF8E-8EFCF4FAD966}.Debug|Any CPU.Build.0 = Debug|Any CPU
		{3981ABD9-6C0C-4652-BF8E-8EFCF4FAD966}.Release|Any CPU.ActiveCfg = Release|Any CPU
		{3981ABD9-6C0C-4652-BF8E-8EFCF4FAD966}.Release|Any CPU.Build.0 = Release|Any CPU
	EndGlobalSection
	GlobalSection(SolutionProperties) = preSolution
		HideSolutionNode = FALSE
	EndGlobalSection
	GlobalSection(NestedProjects) = preSolution
		{0FADE170-E0EE-469F-A951-CDD261CD5549} = {59476B3B-E737-4F49-8164-04448E7389AA}
		{A6BC13B9-3790-4CA9-88FF-27A2F4BF4152} = {59476B3B-E737-4F49-8164-04448E7389AA}
		{76F9408C-4BF7-4DCF-97BB-6A52849CF6BA} = {59476B3B-E737-4F49-8164-04448E7389AA}
		{1820AA45-D2FC-45D2-9D75-4EAF1B91A5DA} = {59476B3B-E737-4F49-8164-04448E7389AA}
		{77CC94C6-9490-47E6-BEE3-72C4DF3A00F7} = {59476B3B-E737-4F49-8164-04448E7389AA}
		{41A6E996-8DE0-45FF-BEC2-134167337AB7} = {DCC4FB89-2649-4D1D-9067-6A0964BBEE6A}
		{E3BA0881-BAFE-426E-B4FF-3B300174883B} = {DCC4FB89-2649-4D1D-9067-6A0964BBEE6A}
		{B57777C8-CDE9-4315-9448-02C8FB4D82D8} = {59476B3B-E737-4F49-8164-04448E7389AA}
		{C9246C12-4348-4BB7-B8B7-F6AE0B2CD15F} = {DCC4FB89-2649-4D1D-9067-6A0964BBEE6A}
		{F7ED8699-E0BF-4ABE-9B81-DF91D661AA4B} = {DCC4FB89-2649-4D1D-9067-6A0964BBEE6A}
		{3981ABD9-6C0C-4652-BF8E-8EFCF4FAD966} = {DCC4FB89-2649-4D1D-9067-6A0964BBEE6A}
	EndGlobalSection
	GlobalSection(ExtensibilityGlobals) = postSolution
		SolutionGuid = {6A757270-A1E5-443E-AAE5-4ECBE36C473A}
	EndGlobalSection
EndGlobal
